
Microsoft Visual Studio Solution File, Format Version 12.00
# Visual Studio Version 16
VisualStudioVersion = 25.0.1700.6
MinimumVisualStudioVersion = 10.0.40219.1
Project("{FAE04EC0-301F-11D3-BF4B-00C04F79EFBC}") = "apitest", "apitest\apitest.csproj", "{F497517D-A81F-468D-AC71-95435F179E13}"
EndProject
Global
	GlobalSection(SolutionConfigurationPlatforms) = preSolution
		Debug|Any CPU = Debug|Any CPU
		Release|Any CPU = Release|Any CPU
	EndGlobalSection
	GlobalSection(ProjectConfigurationPlatforms) = postSolution
		{F497517D-A81F-468D-AC71-95435F179E13}.Debug|Any CPU.ActiveCfg = Debug|Any CPU
		{F497517D-A81F-468D-AC71-95435F179E13}.Debug|Any CPU.Build.0 = Debug|Any CPU
		{F497517D-A81F-468D-AC71-95435F179E13}.Release|Any CPU.ActiveCfg = Release|Any CPU
		{F497517D-A81F-468D-AC71-95435F179E13}.Release|Any CPU.Build.0 = Release|Any CPU
	EndGlobalSection
	GlobalSection(SolutionProperties) = preSolution
		HideSolutionNode = FALSE
	EndGlobalSection
	GlobalSection(ExtensibilityGlobals) = postSolution
		SolutionGuid = {06F0E8B6-D152-4331-A31D-420B6D6F543C}
	EndGlobalSection
EndGlobal
